<?xml version="1.0" encoding="utf-8"?>
<Project ToolsVersion="4.0" xmlns="http://schemas.microsoft.com/developer/msbuild/2003">
  <ItemGroup>
    <Filter Include="Header Files">
      <UniqueIdentifier>{2d83fb11-3237-4121-8998-70bd2cfc6e2a}</UniqueIdentifier>
    </Filter>
    <Filter Include="Source Files">
      <UniqueIdentifier>{059595f4-122f-4e48-882a-a376b82dc373}</UniqueIdentifier>
    </Filter>
    <Filter Include="Resource Files">
      <UniqueIdentifier>{c449a96e-2803-4242-80b7-e91d0224276e}</UniqueIdentifier>
    </Filter>
  </ItemGroup>
  <ItemGroup>
    <ClInclude Include="src\crypto.h">
      <Filter>Header Files</Filter>
    </ClInclude>
    <ClInclude Include="src\cache.h">
      <Filter>Header Files</Filter>
    </ClInclude>
    <ClInclude Include="src\common.h">
      <Filter>Header Files</Filter>
    </ClInclude>
    <ClInclude Include="src\logger.h">
      <Filter>Header Files</Filter>
    </ClInclude>
    <ClInclude Include="src\packet.h">
      <Filter>Header Files</Filter>
    </ClInclude>
    <ClInclude Include="src\resolver.h">
      <Filter>Header Files</Filter>
    </ClInclude>
    <ClInclude Include="src\socks.h">
      <Filter>Header Files</Filter>
    </ClInclude>
    <ClInclude Include="src\uthash.h">
      <Filter>Header Files</Filter>
    </ClInclude>
    <ClInclude Include="src\util.h">
      <Filter>Header Files</Filter>
    </ClInclude>
    <ClInclude Include="src\xsocks.h">
      <Filter>Header Files</Filter>
    </ClInclude>
    <ClInclude Include="src\getopt-win.h">
      <Filter>Header Files</Filter>
    </ClInclude>
  </ItemGroup>
  <ItemGroup>
    <ClCompile Include="src\crypto.c">
      <Filter>Source Files</Filter>
    </ClCompile>
    <ClCompile Include="src\cache.c">
      <Filter>Source Files</Filter>
    </ClCompile>
    <ClCompile Include="src\logger.c">
      <Filter>Source Files</Filter>
    </ClCompile>
    <ClCompile Include="src\packet.c">
      <Filter>Source Files</Filter>
    </ClCompile>
    <ClCompile Include="src\util.c">
      <Filter>Source Files</Filter>
    </ClCompile>
    <ClCompile Include="src\xsocks.c">
      <Filter>Source Files</Filter>
    </ClCompile>
    <ClCompile Include="src\xsocks_client.c">
      <Filter>Source Files</Filter>
    </ClCompile>
    <ClCompile Include="src\xsocks_remote.c">
      <Filter>Source Files</Filter>
    </ClCompile>
    <ClCompile Include="src\xsocks_udprelay.c">
      <Filter>Source Files</Filter>
    </ClCompile>
    <ClCompile Include="src\getopt.c">
      <Filter>Source Files</Filter>
    </ClCompile>
    <ClCompile Include="src\common.c">
      <Filter>Source Files</Filter>
    </ClCompile>
  </ItemGroup>
</Project>